{
    "_readme": [
        "This file locks the dependencies of your project to a known state",
        "Read more about it at https://getcomposer.org/doc/01-basic-usage.md#installing-dependencies",
        "This file is @generated automatically"
    ],
    "content-hash": "359e9bfa22d93a936678d672d9db7865",
    "packages": [
        {
            "name": "eftec/bladeone",
            "version": "4.8",
            "source": {
                "type": "git",
                "url": "https://github.com/EFTEC/BladeOne.git",
                "reference": "26b79fc337a7c584c7d222dc1dbc6d34771d0394"
            },
            "dist": {
                "type": "zip",
                "url": "https://api.github.com/repos/EFTEC/BladeOne/zipball/26b79fc337a7c584c7d222dc1dbc6d34771d0394",
                "reference": "26b79fc337a7c584c7d222dc1dbc6d34771d0394",
                "shasum": ""
            },
            "require": {
                "ext-json": "*",
                "php": ">=7.2.5"
            },
            "require-dev": {
                "phpunit/phpunit": "^8.5.23"
            },
            "suggest": {
                "eftec/bladeonehtml": "Extension to create forms",
                "ext-mbstring": "This extension is used if it's active"
            },
            "bin": [
                "lib/bladeonecli"
            ],
            "type": "library",
            "autoload": {
                "psr-4": {
                    "eftec\\bladeone\\": "lib/"
                }
            },
            "notification-url": "https://packagist.org/downloads/",
            "license": [
                "MIT"
            ],
            "authors": [
                {
                    "name": "Jorge Patricio Castro Castillo",
                    "email": "jcastro@eftec.cl"
                }
            ],
            "description": "The standalone version Blade Template Engine from Laravel in a single php file",
            "homepage": "https://github.com/EFTEC/BladeOne",
            "keywords": [
                "blade",
                "php",
                "template",
                "templating",
                "view"
            ],
            "support": {
                "issues": "https://github.com/EFTEC/BladeOne/issues",
                "source": "https://github.com/EFTEC/BladeOne/tree/4.8"
            },
            "time": "2023-01-12T01:22:51+00:00"
        },
        {
            "name": "eftec/daoone",
            "version": "3.30",
            "source": {
                "type": "git",
                "url": "https://github.com/EFTEC/DaoOne.git",
                "reference": "603d391b7c0bc76b785d4c437507c182f55538d7"
            },
            "dist": {
                "type": "zip",
                "url": "https://api.github.com/repos/EFTEC/DaoOne/zipball/603d391b7c0bc76b785d4c437507c182f55538d7",
                "reference": "603d391b7c0bc76b785d4c437507c182f55538d7",
                "shasum": ""
            },
            "require": {
                "ext-json": "*",
                "ext-mysqli": "*",
                "ext-openssl": "*"
            },
            "require-dev": {
                "phpunit/phpunit": "^5.7 || ^6.5"
            },
            "suggest": {
                "eftec/PdoOne": "It is an a new version of this library"
            },
            "type": "library",
            "autoload": {
                "psr-4": {
                    "eftec\\": "lib/"
                }
            },
            "notification-url": "https://packagist.org/downloads/",
            "license": [
                "MIT"
            ],
            "authors": [
                {
                    "name": "Jorge Castro Castillo",
                    "homepage": "https://github.com/EFTEC/"
                }
            ],
            "description": "Procedural MysqlI Data access class in a single Class",
            "homepage": "https://github.com/EFTEC",
            "keywords": [
                "dao",
                "mysqli",
                "php"
            ],
            "support": {
                "issues": "https://github.com/EFTEC/DaoOne/issues",
                "source": "https://github.com/EFTEC/DaoOne/tree/3.30"
            },
            "time": "2020-02-13T17:08:22+00:00"
        },
        {
            "name": "eftec/documentstoreone",
            "version": "1.24",
            "source": {
                "type": "git",
                "url": "https://github.com/EFTEC/DocumentStoreOne.git",
                "reference": "a8435c709d629c4c7ee6a66cce40ab10deb8326a"
            },
            "dist": {
                "type": "zip",
                "url": "https://api.github.com/repos/EFTEC/DocumentStoreOne/zipball/a8435c709d629c4c7ee6a66cce40ab10deb8326a",
                "reference": "a8435c709d629c4c7ee6a66cce40ab10deb8326a",
                "shasum": ""
            },
            "require": {
                "ext-json": "*",
                "php": ">=7.2"
            },
            "require-dev": {
                "phpunit/phpunit": ">=9.5.13"
            },
            "suggest": {
                "ext-apcu": "If you want to use apcu for locks. It is recommended",
                "ext-igbinary": "Some examples could use it",
                "ext-redis": "If you want to use redis for locks. It is not recommended becuase it's slow than folder"
            },
            "type": "library",
            "autoload": {
                "psr-4": {
                    "eftec\\DocumentStoreOne\\": "lib/"
                }
            },
            "notification-url": "https://packagist.org/downloads/",
            "license": [
                "LGPL-3.0-only"
            ],
            "authors": [
                {
                    "name": "Jorge Castro Castillo",
                    "email": "jcastro@eftec.cl"
                }
            ],
            "description": "A flat document store for PHP that allows multiples concurrencies.",
            "homepage": "https://github.com/EFTEC/DocumentStoreOne",
            "keywords": [
                "BigData",
                "database",
                "file",
                "mapreduce",
                "php",
                "php-library"
            ],
            "support": {
                "issues": "https://github.com/EFTEC/DocumentStoreOne/issues",
                "source": "https://github.com/EFTEC/DocumentStoreOne/tree/1.24"
            },
            "time": "2022-06-29T12:25:50+00:00"
        }
    ],
    "packages-dev": [],
    "aliases": [],
    "minimum-stability": "stable",
    "stability-flags": [],
    "prefer-stable": false,
    "prefer-lowest": false,
    "platform": [],
    "platform-dev": [],
    "plugin-api-version": "2.3.0"
}
